
Microsoft Visual Studio Solution File, Format Version 12.00
# Visual Studio Version 17
VisualStudioVersion = 17.14.36518.9
MinimumVisualStudioVersion = 10.0.40219.1
Project("{FAE04EC0-301F-11D3-BF4B-00C04F79EFBC}") = "CarManager.Api", "src\CarManager.Api\CarManager.Api.csproj", "{94867412-77A1-D2BD-7B35-E5F9B2B4AA24}"
EndProject
Project("{FAE04EC0-301F-11D3-BF4B-00C04F79EFBC}") = "CarManager.App", "src\CarManager.App\CarManager.App.csproj", "{6FE82FF7-7D8D-7292-D07B-3B0B1EC09A0D}"
EndProject
Project("{FAE04EC0-301F-11D3-BF4B-00C04F79EFBC}") = "CarManager.Core", "src\CarManager.Core\CarManager.Core.csproj", "{D86F0373-431E-5BCA-DEA2-ACC13FE24444}"
EndProject
Global
	GlobalSection(SolutionConfigurationPlatforms) = preSolution
		Debug|Any CPU = Debug|Any CPU
		Release|Any CPU = Release|Any CPU
	EndGlobalSection
	GlobalSection(ProjectConfigurationPlatforms) = postSolution
		{94867412-77A1-D2BD-7B35-E5F9B2B4AA24}.Debug|Any CPU.ActiveCfg = Debug|Any CPU
		{94867412-77A1-D2BD-7B35-E5F9B2B4AA24}.Debug|Any CPU.Build.0 = Debug|Any CPU
		{94867412-77A1-D2BD-7B35-E5F9B2B4AA24}.Release|Any CPU.ActiveCfg = Release|Any CPU
		{94867412-77A1-D2BD-7B35-E5F9B2B4AA24}.Release|Any CPU.Build.0 = Release|Any CPU
		{6FE82FF7-7D8D-7292-D07B-3B0B1EC09A0D}.Debug|Any CPU.ActiveCfg = Debug|Any CPU
		{6FE82FF7-7D8D-7292-D07B-3B0B1EC09A0D}.Debug|Any CPU.Build.0 = Debug|Any CPU
		{6FE82FF7-7D8D-7292-D07B-3B0B1EC09A0D}.Release|Any CPU.ActiveCfg = Release|Any CPU
		{6FE82FF7-7D8D-7292-D07B-3B0B1EC09A0D}.Release|Any CPU.Build.0 = Release|Any CPU
		{D86F0373-431E-5BCA-DEA2-ACC13FE24444}.Debug|Any CPU.ActiveCfg = Debug|Any CPU
		{D86F0373-431E-5BCA-DEA2-ACC13FE24444}.Debug|Any CPU.Build.0 = Debug|Any CPU
		{D86F0373-431E-5BCA-DEA2-ACC13FE24444}.Release|Any CPU.ActiveCfg = Release|Any CPU
		{D86F0373-431E-5BCA-DEA2-ACC13FE24444}.Release|Any CPU.Build.0 = Release|Any CPU
	EndGlobalSection
	GlobalSection(SolutionProperties) = preSolution
		HideSolutionNode = FALSE
	EndGlobalSection
	GlobalSection(ExtensibilityGlobals) = postSolution
		SolutionGuid = {810B29D1-436C-45E1-974C-7C6102725DAD}
	EndGlobalSection
EndGlobal
