
Microsoft Visual Studio Solution File, Format Version 12.00
# Visual Studio Version 17
VisualStudioVersion = 17.8.34511.84
MinimumVisualStudioVersion = 10.0.40219.1
Project("{FAE04EC0-301F-11D3-BF4B-00C04F79EFBC}") = "RESTful Web API", "RESTful Web API.csproj", "{87B82E9A-F772-488E-9C02-D733C987645D}"
EndProject
Global
	GlobalSection(SolutionConfigurationPlatforms) = preSolution
		Debug|Any CPU = Debug|Any CPU
		Release|Any CPU = Release|Any CPU
	EndGlobalSection
	GlobalSection(ProjectConfigurationPlatforms) = postSolution
		{87B82E9A-F772-488E-9C02-D733C987645D}.Debug|Any CPU.ActiveCfg = Debug|Any CPU
		{87B82E9A-F772-488E-9C02-D733C987645D}.Debug|Any CPU.Build.0 = Debug|Any CPU
		{87B82E9A-F772-488E-9C02-D733C987645D}.Release|Any CPU.ActiveCfg = Release|Any CPU
		{87B82E9A-F772-488E-9C02-D733C987645D}.Release|Any CPU.Build.0 = Release|Any CPU
	EndGlobalSection
	GlobalSection(SolutionProperties) = preSolution
		HideSolutionNode = FALSE
	EndGlobalSection
	GlobalSection(ExtensibilityGlobals) = postSolution
		SolutionGuid = {945702A2-3E82-45C1-9414-DCF9775657A7}
	EndGlobalSection
EndGlobal
