
Microsoft Visual Studio Solution File, Format Version 12.00
# Visual Studio Version 17
VisualStudioVersion = 17.14.37203.1 d17.14
MinimumVisualStudioVersion = 10.0.40219.1
Project("{FAE04EC0-301F-11D3-BF4B-00C04F79EFBC}") = "CarManager.Core", "CarManager.Core\CarManager.Core.csproj", "{B8819D79-FD26-4B8C-880C-472CC4B95040}"
EndProject
Project("{FAE04EC0-301F-11D3-BF4B-00C04F79EFBC}") = "CarManager.Application", "CarManager.Application\CarManager.Application.csproj", "{7C695ED2-B829-4136-B9A3-9643B5DEDA24}"
EndProject
Global
	GlobalSection(SolutionConfigurationPlatforms) = preSolution
		Debug|Any CPU = Debug|Any CPU
		Release|Any CPU = Release|Any CPU
	EndGlobalSection
	GlobalSection(ProjectConfigurationPlatforms) = postSolution
		{B8819D79-FD26-4B8C-880C-472CC4B95040}.Debug|Any CPU.ActiveCfg = Debug|Any CPU
		{B8819D79-FD26-4B8C-880C-472CC4B95040}.Debug|Any CPU.Build.0 = Debug|Any CPU
		{B8819D79-FD26-4B8C-880C-472CC4B95040}.Release|Any CPU.ActiveCfg = Release|Any CPU
		{B8819D79-FD26-4B8C-880C-472CC4B95040}.Release|Any CPU.Build.0 = Release|Any CPU
		{7C695ED2-B829-4136-B9A3-9643B5DEDA24}.Debug|Any CPU.ActiveCfg = Debug|Any CPU
		{7C695ED2-B829-4136-B9A3-9643B5DEDA24}.Debug|Any CPU.Build.0 = Debug|Any CPU
		{7C695ED2-B829-4136-B9A3-9643B5DEDA24}.Release|Any CPU.ActiveCfg = Release|Any CPU
		{7C695ED2-B829-4136-B9A3-9643B5DEDA24}.Release|Any CPU.Build.0 = Release|Any CPU
	EndGlobalSection
	GlobalSection(SolutionProperties) = preSolution
		HideSolutionNode = FALSE
	EndGlobalSection
	GlobalSection(ExtensibilityGlobals) = postSolution
		SolutionGuid = {BCC11935-5716-45F3-AE1A-FE92E4BD0B07}
	EndGlobalSection
EndGlobal
